
Microsoft Visual Studio Solution File, Format Version 12.00
# Visual Studio Version 16
VisualStudioVersion = 16.0.34114.132
MinimumVisualStudioVersion = 10.0.40219.1
Project("{FAE04EC0-301F-11D3-BF4B-00C04F79EFBC}") = "MyrnaEF1", "MyrnaEF1\MyrnaEF1.csproj", "{786FF390-1712-4FDE-9023-A6D631BE8D30}"
EndProject
Global
	GlobalSection(SolutionConfigurationPlatforms) = preSolution
		Debug|Any CPU = Debug|Any CPU
		Release|Any CPU = Release|Any CPU
	EndGlobalSection
	GlobalSection(ProjectConfigurationPlatforms) = postSolution
		{786FF390-1712-4FDE-9023-A6D631BE8D30}.Debug|Any CPU.ActiveCfg = Debug|Any CPU
		{786FF390-1712-4FDE-9023-A6D631BE8D30}.Debug|Any CPU.Build.0 = Debug|Any CPU
		{786FF390-1712-4FDE-9023-A6D631BE8D30}.Release|Any CPU.ActiveCfg = Release|Any CPU
		{786FF390-1712-4FDE-9023-A6D631BE8D30}.Release|Any CPU.Build.0 = Release|Any CPU
	EndGlobalSection
	GlobalSection(SolutionProperties) = preSolution
		HideSolutionNode = FALSE
	EndGlobalSection
	GlobalSection(ExtensibilityGlobals) = postSolution
		SolutionGuid = {3FDE6AC2-7AFE-4DDB-8B8A-E57824BB4278}
	EndGlobalSection
EndGlobal
